
Microsoft Visual Studio Solution File, Format Version 12.00
# Visual Studio 2013
VisualStudioVersion = 12.0.21005.1
MinimumVisualStudioVersion = 10.0.40219.1
Project("{FAE04EC0-301F-11D3-BF4B-00C04F79EFBC}") = "BrokenShoeLeague.Tests", "BrokenShoeLeague.Tests\BrokenShoeLeague.Tests.csproj", "{7187F91A-6C14-4F2B-B715-C6F52CC9F16F}"
EndProject
Project("{FAE04EC0-301F-11D3-BF4B-00C04F79EFBC}") = "BrokenShoeLeague.Data", "BrokenShoeLeague.Data\BrokenShoeLeague.Data.csproj", "{7864CD98-4C9F-470E-A75F-DCFF7A495C11}"
EndProject
Project("{FAE04EC0-301F-11D3-BF4B-00C04F79EFBC}") = "BrokenShoeLeague.Domain", "BrokenShoeLeague.Domain\BrokenShoeLeague.Domain.csproj", "{0E9DA317-69CD-4CBD-8BC3-D000FB4968EC}"
EndProject
Project("{FAE04EC0-301F-11D3-BF4B-00C04F79EFBC}") = "BrokenShoeLeague.Services", "BrokenShoeLeague.Services\BrokenShoeLeague.Services.csproj", "{2BED94C6-06AE-4867-9B5F-F3CCD99A0F24}"
EndProject
Global
	GlobalSection(SolutionConfigurationPlatforms) = preSolution
		Debug|Any CPU = Debug|Any CPU
		Release|Any CPU = Release|Any CPU
	EndGlobalSection
	GlobalSection(ProjectConfigurationPlatforms) = postSolution
		{7187F91A-6C14-4F2B-B715-C6F52CC9F16F}.Debug|Any CPU.ActiveCfg = Debug|Any CPU
		{7187F91A-6C14-4F2B-B715-C6F52CC9F16F}.Debug|Any CPU.Build.0 = Debug|Any CPU
		{7187F91A-6C14-4F2B-B715-C6F52CC9F16F}.Release|Any CPU.ActiveCfg = Release|Any CPU
		{7187F91A-6C14-4F2B-B715-C6F52CC9F16F}.Release|Any CPU.Build.0 = Release|Any CPU
		{7864CD98-4C9F-470E-A75F-DCFF7A495C11}.Debug|Any CPU.ActiveCfg = Debug|Any CPU
		{7864CD98-4C9F-470E-A75F-DCFF7A495C11}.Debug|Any CPU.Build.0 = Debug|Any CPU
		{7864CD98-4C9F-470E-A75F-DCFF7A495C11}.Release|Any CPU.ActiveCfg = Release|Any CPU
		{7864CD98-4C9F-470E-A75F-DCFF7A495C11}.Release|Any CPU.Build.0 = Release|Any CPU
		{0E9DA317-69CD-4CBD-8BC3-D000FB4968EC}.Debug|Any CPU.ActiveCfg = Debug|Any CPU
		{0E9DA317-69CD-4CBD-8BC3-D000FB4968EC}.Debug|Any CPU.Build.0 = Debug|Any CPU
		{0E9DA317-69CD-4CBD-8BC3-D000FB4968EC}.Release|Any CPU.ActiveCfg = Release|Any CPU
		{0E9DA317-69CD-4CBD-8BC3-D000FB4968EC}.Release|Any CPU.Build.0 = Release|Any CPU
		{2BED94C6-06AE-4867-9B5F-F3CCD99A0F24}.Debug|Any CPU.ActiveCfg = Debug|Any CPU
		{2BED94C6-06AE-4867-9B5F-F3CCD99A0F24}.Debug|Any CPU.Build.0 = Debug|Any CPU
		{2BED94C6-06AE-4867-9B5F-F3CCD99A0F24}.Release|Any CPU.ActiveCfg = Release|Any CPU
		{2BED94C6-06AE-4867-9B5F-F3CCD99A0F24}.Release|Any CPU.Build.0 = Release|Any CPU
	EndGlobalSection
	GlobalSection(SolutionProperties) = preSolution
		HideSolutionNode = FALSE
	EndGlobalSection
EndGlobal
